
Microsoft Visual Studio Solution File, Format Version 12.00
# Visual Studio Version 17
VisualStudioVersion = 17.0.32112.339
MinimumVisualStudioVersion = 10.0.40219.1
Project("{FAE04EC0-301F-11D3-BF4B-00C04F79EFBC}") = "MyConsoleApp", "MyConsoleApp\MyConsoleApp.csproj", "{43D56FA6-1276-4BA8-88A9-60D7AD11EB75}"
EndProject
Project("{FAE04EC0-301F-11D3-BF4B-00C04F79EFBC}") = "MyLibrary", "MyLibrary\MyLibrary.csproj", "{97C63462-95A2-4F88-BF9B-55320DFF10FF}"
EndProject
Global
	GlobalSection(SolutionConfigurationPlatforms) = preSolution
		Debug|Any CPU = Debug|Any CPU
		Release|Any CPU = Release|Any CPU
	EndGlobalSection
	GlobalSection(ProjectConfigurationPlatforms) = postSolution
		{43D56FA6-1276-4BA8-88A9-60D7AD11EB75}.Debug|Any CPU.ActiveCfg = Debug|Any CPU
		{43D56FA6-1276-4BA8-88A9-60D7AD11EB75}.Debug|Any CPU.Build.0 = Debug|Any CPU
		{43D56FA6-1276-4BA8-88A9-60D7AD11EB75}.Release|Any CPU.ActiveCfg = Release|Any CPU
		{43D56FA6-1276-4BA8-88A9-60D7AD11EB75}.Release|Any CPU.Build.0 = Release|Any CPU
		{97C63462-95A2-4F88-BF9B-55320DFF10FF}.Debug|Any CPU.ActiveCfg = Debug|Any CPU
		{97C63462-95A2-4F88-BF9B-55320DFF10FF}.Debug|Any CPU.Build.0 = Debug|Any CPU
		{97C63462-95A2-4F88-BF9B-55320DFF10FF}.Release|Any CPU.ActiveCfg = Release|Any CPU
		{97C63462-95A2-4F88-BF9B-55320DFF10FF}.Release|Any CPU.Build.0 = Release|Any CPU
	EndGlobalSection
	GlobalSection(SolutionProperties) = preSolution
		HideSolutionNode = FALSE
	EndGlobalSection
	GlobalSection(ExtensibilityGlobals) = postSolution
		SolutionGuid = {0386B6E8-CA3F-4BC7-BC59-835D0B2FA84A}
	EndGlobalSection
EndGlobal
